
Microsoft Visual Studio Solution File, Format Version 12.00
# Visual Studio 15
VisualStudioVersion = 15.0.28010.2046
MinimumVisualStudioVersion = 10.0.40219.1
Project("{FAE04EC0-301F-11D3-BF4B-00C04F79EFBC}") = "RechercheOccurence", "RechercheOccurence\RechercheOccurence.csproj", "{31BA86E7-0493-4000-B5C8-A40229F47909}"
EndProject
Global
	GlobalSection(SolutionConfigurationPlatforms) = preSolution
		Debug|Any CPU = Debug|Any CPU
		Release|Any CPU = Release|Any CPU
	EndGlobalSection
	GlobalSection(ProjectConfigurationPlatforms) = postSolution
		{31BA86E7-0493-4000-B5C8-A40229F47909}.Debug|Any CPU.ActiveCfg = Debug|Any CPU
		{31BA86E7-0493-4000-B5C8-A40229F47909}.Debug|Any CPU.Build.0 = Debug|Any CPU
		{31BA86E7-0493-4000-B5C8-A40229F47909}.Release|Any CPU.ActiveCfg = Release|Any CPU
		{31BA86E7-0493-4000-B5C8-A40229F47909}.Release|Any CPU.Build.0 = Release|Any CPU
	EndGlobalSection
	GlobalSection(SolutionProperties) = preSolution
		HideSolutionNode = FALSE
	EndGlobalSection
	GlobalSection(ExtensibilityGlobals) = postSolution
		SolutionGuid = {B8F92AF6-35FC-4614-B418-57717C0255DB}
	EndGlobalSection
EndGlobal
